# spec/inventory.lock -- fingerprint of the spec inventory (the source of
# truth). The traceability gate fails when the doc's SHA-256 drifts from this
# value: a spec delta without a test delta. Re-record it (IRIS_TRACE_UPDATE_LOCK=1
# go test ./internal/trace -run TestSpecLockUpdate) only alongside the test delta.
spec_path: docs/Iris Specification Inventory.md
sha256: d106820efc7fbe32e0306731678ee3c867403dde32612fdf1ebfcbefe0b035b6
